{
    "_readme": [
        "This file locks the dependencies of your project to a known state",
        "Read more about it at https://getcomposer.org/doc/01-basic-usage.md#installing-dependencies",
        "This file is @generated automatically"
    ],
    "content-hash": "3566df1d4ec52e8fd222ba103f164518",
    "packages": [
        {
            "name": "gonzalesc/culqi-php",
            "version": "dev-master",
            "source": {
                "type": "git",
                "url": "https://github.com/gonzalesc/culqi-php.git",
                "reference": "24021e711f8eee6ea51630a25665232e6189f474"
            },
            "require": {
                "php": ">=5.3.3",
                "rmccue/requests": ">=1.0"
            },
            "require-dev": {
                "phpunit/phpunit": "4.4.* || 4.8.*"
            },
            "type": "library",
            "autoload": {
                "classmap": [
                    "lib/Culqi/"
                ]
            },
            "license": [
                "MIT"
            ],
            "authors": [
                {
                    "name": "Culqi and contributors",
                    "homepage": "https://github.com/culqi/culqi-php/contributors"
                }
            ],
            "description": "Culqi API to PHP",
            "homepage": "https://culqi.com",
            "keywords": [
                "api",
                "client",
                "culqi",
                "pagos",
                "payments",
                "peru",
                "php"
            ],
            "time": "2020-11-30T19:50:48+00:00"
        },
        {
            "name": "rmccue/requests",
            "version": "v1.8.0",
            "source": {
                "type": "git",
                "url": "https://github.com/WordPress/Requests.git",
                "reference": "afbe4790e4def03581c4a0963a1e8aa01f6030f1"
            },
            "dist": {
                "type": "zip",
                "url": "https://api.github.com/repos/WordPress/Requests/zipball/afbe4790e4def03581c4a0963a1e8aa01f6030f1",
                "reference": "afbe4790e4def03581c4a0963a1e8aa01f6030f1",
                "shasum": ""
            },
            "require": {
                "php": ">=5.2"
            },
            "require-dev": {
                "dealerdirect/phpcodesniffer-composer-installer": "^0.7",
                "php-parallel-lint/php-console-highlighter": "^0.5.0",
                "php-parallel-lint/php-parallel-lint": "^1.3",
                "phpcompatibility/php-compatibility": "^9.0",
                "phpunit/phpunit": "^4.8 || ^5.7 || ^6.5 || ^7.5",
                "requests/test-server": "dev-master",
                "squizlabs/php_codesniffer": "^3.5",
                "wp-coding-standards/wpcs": "^2.0"
            },
            "type": "library",
            "autoload": {
                "psr-0": {
                    "Requests": "library/"
                }
            },
            "notification-url": "https://packagist.org/downloads/",
            "license": [
                "ISC"
            ],
            "authors": [
                {
                    "name": "Ryan McCue",
                    "homepage": "http://ryanmccue.info"
                }
            ],
            "description": "A HTTP library written in PHP, for human beings.",
            "homepage": "http://github.com/WordPress/Requests",
            "keywords": [
                "curl",
                "fsockopen",
                "http",
                "idna",
                "ipv6",
                "iri",
                "sockets"
            ],
            "time": "2021-04-27T11:05:25+00:00"
        }
    ],
    "packages-dev": [],
    "aliases": [],
    "minimum-stability": "dev",
    "stability-flags": {
        "gonzalesc/culqi-php": 20
    },
    "prefer-stable": true,
    "prefer-lowest": false,
    "platform": {
        "php": ">=5.3.3"
    },
    "platform-dev": [],
    "plugin-api-version": "1.1.0"
}
